# THIS IS AN AUTOGENERATED FILE. DO NOT EDIT THIS FILE DIRECTLY.
# yarn lockfile v1


"@types/node@^13.9.5":
  version "13.9.5"
  resolved "https://registry.npm.taobao.org/@types/node/download/@types/node-13.9.5.tgz?cache=0&sync_timestamp=1585327645016&other_urls=https%3A%2F%2Fregistry.npm.taobao.org%2F%40types%2Fnode%2Fdownload%2F%40types%2Fnode-13.9.5.tgz#59738bf30b31aea1faa2df7f4a5f55613750cf00"
  integrity sha1-WXOL8wsxrqH6ot9/Sl9VYTdQzwA=
